{
  "name": "@toon/benchmarks",
  "lockfileVersion": 3,
  "requires": true,
  "packages": {
    "": {
      "name": "@toon/benchmarks",
      "devDependencies": {
        "@ai-sdk/anthropic": "^3.0.58",
        "@ai-sdk/google": "^3.0.43",
        "@ai-sdk/openai": "^3.0.41",
        "@ai-sdk/provider": "^3.0.8",
        "@ai-sdk/xai": "^3.0.67",
        "@clack/prompts": "^1.1.0",
        "@faker-js/faker": "^10.3.0",
        "ai": "^6.0.116",
        "csv-stringify": "^6.6.0",
        "fast-xml-parser": "^5.4.2",
        "gpt-tokenizer": "^3.4.0",
        "ofetch": "^1.5.1",
        "p-map": "^7.0.4",
        "p-queue": "^9.1.0",
        "unstorage": "^1.17.4",
        "yaml": "^2.8.2"
      }
    },
    "node_modules/@ai-sdk/anthropic": {
      "version": "3.0.58",
      "resolved": "https://registry.npmjs.org/@ai-sdk/anthropic/-/anthropic-3.0.58.tgz",
      "integrity": "sha512-/53SACgmVukO4bkms4dpxpRlYhW8Ct6QZRe6sj1Pi5H00hYhxIrqfiLbZBGxkdRvjsBQeP/4TVGsXgH5rQeb8Q==",
      "dev": true,
      "license": "Apache-2.0",
      "dependencies": {
        "@ai-sdk/provider": "3.0.8",
        "@ai-sdk/provider-utils": "4.0.19"
      },
      "engines": {
        "node": ">=18"
      },
      "peerDependencies": {
        "zod": "^3.25.76 || ^4.1.8"
      }
    },
    "node_modules/@ai-sdk/gateway": {
      "version": "3.0.66",
      "resolved": "https://registry.npmjs.org/@ai-sdk/gateway/-/gateway-3.0.66.tgz",
      "integrity": "sha512-SIQ0YY0iMuv+07HLsZ+bB990zUJ6S4ujORAh+Jv1V2KGNn73qQKnGO0JBk+w+Res8YqOFSycwDoWcFlQrVxS4A==",
      "dev": true,
      "license": "Apache-2.0",
      "dependencies": {
        "@ai-sdk/provider": "3.0.8",
        "@ai-sdk/provider-utils": "4.0.19",
        "@vercel/oidc": "3.1.0"
      },
      "engines": {
        "node": ">=18"
      },
      "peerDependencies": {
        "zod": "^3.25.76 || ^4.1.8"
      }
    },
    "node_modules/@ai-sdk/google": {
      "version": "3.0.43",
      "resolved": "https://registry.npmjs.org/@ai-sdk/google/-/google-3.0.43.tgz",
      "integrity": "sha512-NGCgP5g8HBxrNdxvF8Dhww+UKfqAkZAmyYBvbu9YLoBkzAmGKDBGhVptN/oXPB5Vm0jggMdoLycZ8JReQM8Zqg==",
      "dev": true,
      "license": "Apache-2.0",
      "dependencies": {
        "@ai-sdk/provider": "3.0.8",
        "@ai-sdk/provider-utils": "4.0.19"
      },
      "engines": {
        "node": ">=18"
      },
      "peerDependencies": {
        "zod": "^3.25.76 || ^4.1.8"
      }
    },
    "node_modules/@ai-sdk/openai": {
      "version": "3.0.41",
      "resolved": "https://registry.npmjs.org/@ai-sdk/openai/-/openai-3.0.41.tgz",
      "integrity": "sha512-IZ42A+FO+vuEQCVNqlnAPYQnnUpUfdJIwn1BEDOBywiEHa23fw7PahxVtlX9zm3/zMvTW4JKPzWyvAgDu+SQ2A==",
      "dev": true,
      "license": "Apache-2.0",
      "dependencies": {
        "@ai-sdk/provider": "3.0.8",
        "@ai-sdk/provider-utils": "4.0.19"
      },
      "engines": {
        "node": ">=18"
      },
      "peerDependencies": {
        "zod": "^3.25.76 || ^4.1.8"
      }
    },
    "node_modules/@ai-sdk/openai-compatible": {
      "version": "2.0.35",
      "resolved": "https://registry.npmjs.org/@ai-sdk/openai-compatible/-/openai-compatible-2.0.35.tgz",
      "integrity": "sha512-g3wA57IAQFb+3j4YuFndgkUdXyRETZVvbfAWM+UX7bZSxA3xjes0v3XKgIdKdekPtDGsh4ZX2byHD0gJIMPfiA==",
      "dev": true,
      "license": "Apache-2.0",
      "dependencies": {
        "@ai-sdk/provider": "3.0.8",
        "@ai-sdk/provider-utils": "4.0.19"
      },
      "engines": {
        "node": ">=18"
      },
      "peerDependencies": {
        "zod": "^3.25.76 || ^4.1.8"
      }
    },
    "node_modules/@ai-sdk/provider": {
      "version": "3.0.8",
      "resolved": "https://registry.npmjs.org/@ai-sdk/provider/-/provider-3.0.8.tgz",
      "integrity": "sha512-oGMAgGoQdBXbZqNG0Ze56CHjDZ1IDYOwGYxYjO5KLSlz5HiNQ9udIXsPZ61VWaHGZ5XW/jyjmr6t2xz2jGVwbQ==",
      "dev": true,
      "license": "Apache-2.0",
      "dependencies": {
        "json-schema": "^0.4.0"
      },
      "engines": {
        "node": ">=18"
      }
    },
    "node_modules/@ai-sdk/provider-utils": {
      "version": "4.0.19",
      "resolved": "https://registry.npmjs.org/@ai-sdk/provider-utils/-/provider-utils-4.0.19.tgz",
      "integrity": "sha512-3eG55CrSWCu2SXlqq2QCsFjo3+E7+Gmg7i/oRVoSZzIodTuDSfLb3MRje67xE9RFea73Zao7Lm4mADIfUETKGg==",
      "dev": true,
      "license": "Apache-2.0",
      "dependencies": {
        "@ai-sdk/provider": "3.0.8",
        "@standard-schema/spec": "^1.1.0",
        "eventsource-parser": "^3.0.6"
      },
      "engines": {
        "node": ">=18"
      },
      "peerDependencies": {
        "zod": "^3.25.76 || ^4.1.8"
      }
    },
    "node_modules/@ai-sdk/xai": {
      "version": "3.0.67",
      "resolved": "https://registry.npmjs.org/@ai-sdk/xai/-/xai-3.0.67.tgz",
      "integrity": "sha512-KQQIDc91dUA5IGFMnXBuvPBeraYNTdpDC1qUS+JG8vE+/299//5sZFafI1kKYUu3f3p7LaZrKXYgZ1Ni7QIRbw==",
      "dev": true,
      "license": "Apache-2.0",
      "dependencies": {
        "@ai-sdk/openai-compatible": "2.0.35",
        "@ai-sdk/provider": "3.0.8",
        "@ai-sdk/provider-utils": "4.0.19"
      },
      "engines": {
        "node": ">=18"
      },
      "peerDependencies": {
        "zod": "^3.25.76 || ^4.1.8"
      }
    },
    "node_modules/@clack/core": {
      "version": "1.1.0",
      "resolved": "https://registry.npmjs.org/@clack/core/-/core-1.1.0.tgz",
      "integrity": "sha512-SVcm4Dqm2ukn64/8Gub2wnlA5nS2iWJyCkdNHcvNHPIeBTGojpdJ+9cZKwLfmqy7irD4N5qLteSilJlE0WLAtA==",
      "dev": true,
      "license": "MIT",
      "dependencies": {
        "sisteransi": "^1.0.5"
      }
    },
    "node_modules/@clack/prompts": {
      "version": "1.1.0",
      "resolved": "https://registry.npmjs.org/@clack/prompts/-/prompts-1.1.0.tgz",
      "integrity": "sha512-pkqbPGtohJAvm4Dphs2M8xE29ggupihHdy1x84HNojZuMtFsHiUlRvqD24tM2+XmI+61LlfNceM3Wr7U5QES5g==",
      "dev": true,
      "license": "MIT",
      "dependencies": {
        "@clack/core": "1.1.0",
        "sisteransi": "^1.0.5"
      }
    },
    "node_modules/@faker-js/faker": {
      "version": "10.3.0",
      "resolved": "https://registry.npmjs.org/@faker-js/faker/-/faker-10.3.0.tgz",
      "integrity": "sha512-It0Sne6P3szg7JIi6CgKbvTZoMjxBZhcv91ZrqrNuaZQfB5WoqYYbzCUOq89YR+VY8juY9M1vDWmDDa2TzfXCw==",
      "dev": true,
      "funding": [
        {
          "type": "opencollective",
          "url": "https://opencollective.com/fakerjs"
        }
      ],
      "license": "MIT",
      "engines": {
        "node": "^20.19.0 || ^22.13.0 || ^23.5.0 || >=24.0.0",
        "npm": ">=10"
      }
    },
    "node_modules/@opentelemetry/api": {
      "version": "1.9.0",
      "resolved": "https://registry.npmjs.org/@opentelemetry/api/-/api-1.9.0.tgz",
      "integrity": "sha512-3giAOQvZiH5F9bMlMiv8+GSPMeqg0dbaeo58/0SlA9sxSqZhnUtxzX9/2FzyhS9sWQf5S0GJE0AKBrFqjpeYcg==",
      "dev": true,
      "license": "Apache-2.0",
      "engines": {
        "node": ">=8.0.0"
      }
    },
    "node_modules/@standard-schema/spec": {
      "version": "1.1.0",
      "resolved": "https://registry.npmjs.org/@standard-schema/spec/-/spec-1.1.0.tgz",
      "integrity": "sha512-l2aFy5jALhniG5HgqrD6jXLi/rUWrKvqN/qJx6yoJsgKhblVd+iqqU4RCXavm/jPityDo5TCvKMnpjKnOriy0w==",
      "dev": true,
      "license": "MIT"
    },
    "node_modules/@vercel/oidc": {
      "version": "3.1.0",
      "resolved": "https://registry.npmjs.org/@vercel/oidc/-/oidc-3.1.0.tgz",
      "integrity": "sha512-Fw28YZpRnA3cAHHDlkt7xQHiJ0fcL+NRcIqsocZQUSmbzeIKRpwttJjik5ZGanXP+vlA4SbTg+AbA3bP363l+w==",
      "dev": true,
      "license": "Apache-2.0",
      "engines": {
        "node": ">= 20"
      }
    },
    "node_modules/ai": {
      "version": "6.0.116",
      "resolved": "https://registry.npmjs.org/ai/-/ai-6.0.116.tgz",
      "integrity": "sha512-7yM+cTmyRLeNIXwt4Vj+mrrJgVQ9RMIW5WO0ydoLoYkewIvsMcvUmqS4j2RJTUXaF1HphwmSKUMQ/HypNRGOmA==",
      "dev": true,
      "license": "Apache-2.0",
      "dependencies": {
        "@ai-sdk/gateway": "3.0.66",
        "@ai-sdk/provider": "3.0.8",
        "@ai-sdk/provider-utils": "4.0.19",
        "@opentelemetry/api": "1.9.0"
      },
      "engines": {
        "node": ">=18"
      },
      "peerDependencies": {
        "zod": "^3.25.76 || ^4.1.8"
      }
    },
    "node_modules/anymatch": {
      "version": "3.1.3",
      "resolved": "https://registry.npmjs.org/anymatch/-/anymatch-3.1.3.tgz",
      "integrity": "sha512-KMReFUr0B4t+D+OBkjR3KYqvocp2XaSzO55UcB6mgQMd3KbcE+mWTyvVV7D/zsdEbNnV6acZUutkiHQXvTr1Rw==",
      "dev": true,
      "license": "ISC",
      "dependencies": {
        "normalize-path": "^3.0.0",
        "picomatch": "^2.0.4"
      },
      "engines": {
        "node": ">= 8"
      }
    },
    "node_modules/chokidar": {
      "version": "5.0.0",
      "resolved": "https://registry.npmjs.org/chokidar/-/chokidar-5.0.0.tgz",
      "integrity": "sha512-TQMmc3w+5AxjpL8iIiwebF73dRDF4fBIieAqGn9RGCWaEVwQ6Fb2cGe31Yns0RRIzii5goJ1Y7xbMwo1TxMplw==",
      "dev": true,
      "license": "MIT",
      "dependencies": {
        "readdirp": "^5.0.0"
      },
      "engines": {
        "node": ">= 20.19.0"
      },
      "funding": {
        "url": "https://paulmillr.com/funding/"
      }
    },
    "node_modules/cookie-es": {
      "version": "1.2.2",
      "resolved": "https://registry.npmjs.org/cookie-es/-/cookie-es-1.2.2.tgz",
      "integrity": "sha512-+W7VmiVINB+ywl1HGXJXmrqkOhpKrIiVZV6tQuV54ZyQC7MMuBt81Vc336GMLoHBq5hV/F9eXgt5Mnx0Rha5Fg==",
      "dev": true,
      "license": "MIT"
    },
    "node_modules/crossws": {
      "version": "0.3.5",
      "resolved": "https://registry.npmjs.org/crossws/-/crossws-0.3.5.tgz",
      "integrity": "sha512-ojKiDvcmByhwa8YYqbQI/hg7MEU0NC03+pSdEq4ZUnZR9xXpwk7E43SMNGkn+JxJGPFtNvQ48+vV2p+P1ml5PA==",
      "dev": true,
      "license": "MIT",
      "dependencies": {
        "uncrypto": "^0.1.3"
      }
    },
    "node_modules/csv-stringify": {
      "version": "6.6.0",
      "resolved": "https://registry.npmjs.org/csv-stringify/-/csv-stringify-6.6.0.tgz",
      "integrity": "sha512-YW32lKOmIBgbxtu3g5SaiqWNwa/9ISQt2EcgOq0+RAIFufFp9is6tqNnKahqE5kuKvrnYAzs28r+s6pXJR8Vcw==",
      "dev": true,
      "license": "MIT"
    },
    "node_modules/defu": {
      "version": "6.1.4",
      "resolved": "https://registry.npmjs.org/defu/-/defu-6.1.4.tgz",
      "integrity": "sha512-mEQCMmwJu317oSz8CwdIOdwf3xMif1ttiM8LTufzc3g6kR+9Pe236twL8j3IYT1F7GfRgGcW6MWxzZjLIkuHIg==",
      "dev": true,
      "license": "MIT"
    },
    "node_modules/destr": {
      "version": "2.0.5",
      "resolved": "https://registry.npmjs.org/destr/-/destr-2.0.5.tgz",
      "integrity": "sha512-ugFTXCtDZunbzasqBxrK93Ik/DRYsO6S/fedkWEMKqt04xZ4csmnmwGDBAb07QWNaGMAmnTIemsYZCksjATwsA==",
      "dev": true,
      "license": "MIT"
    },
    "node_modules/eventemitter3": {
      "version": "5.0.4",
      "resolved": "https://registry.npmjs.org/eventemitter3/-/eventemitter3-5.0.4.tgz",
      "integrity": "sha512-mlsTRyGaPBjPedk6Bvw+aqbsXDtoAyAzm5MO7JgU+yVRyMQ5O8bD4Kcci7BS85f93veegeCPkL8R4GLClnjLFw==",
      "dev": true,
      "license": "MIT"
    },
    "node_modules/eventsource-parser": {
      "version": "3.0.6",
      "resolved": "https://registry.npmjs.org/eventsource-parser/-/eventsource-parser-3.0.6.tgz",
      "integrity": "sha512-Vo1ab+QXPzZ4tCa8SwIHJFaSzy4R6SHf7BY79rFBDf0idraZWAkYrDjDj8uWaSm3S2TK+hJ7/t1CEmZ7jXw+pg==",
      "dev": true,
      "license": "MIT",
      "engines": {
        "node": ">=18.0.0"
      }
    },
    "node_modules/fast-xml-builder": {
      "version": "1.1.1",
      "resolved": "https://registry.npmjs.org/fast-xml-builder/-/fast-xml-builder-1.1.1.tgz",
      "integrity": "sha512-t2IsJo7bUteacw/QxmvjAJUGRWZZJHfj1/0tP3+tm5DteIIXEJb0rcasgFD81cxk4lhzcSzTBgTKlwfcKlB5tA==",
      "dev": true,
      "funding": [
        {
          "type": "github",
          "url": "https://github.com/sponsors/NaturalIntelligence"
        }
      ],
      "license": "MIT",
      "dependencies": {
        "path-expression-matcher": "^1.1.3"
      }
    },
    "node_modules/fast-xml-parser": {
      "version": "5.5.2",
      "resolved": "https://registry.npmjs.org/fast-xml-parser/-/fast-xml-parser-5.5.2.tgz",
      "integrity": "sha512-kA6Txdt1cHsk+/qWKuV1jZUHBD6QUXWKhWVBuSmfP5YElW5HvJ/yC7eFCS+DQg7LphBPuUoEBMQ+m1z6UlF24w==",
      "dev": true,
      "funding": [
        {
          "type": "github",
          "url": "https://github.com/sponsors/NaturalIntelligence"
        }
      ],
      "license": "MIT",
      "dependencies": {
        "fast-xml-builder": "^1.1.1",
        "path-expression-matcher": "^1.1.3",
        "strnum": "^2.1.2"
      },
      "bin": {
        "fxparser": "src/cli/cli.js"
      }
    },
    "node_modules/gpt-tokenizer": {
      "version": "3.4.0",
      "resolved": "https://registry.npmjs.org/gpt-tokenizer/-/gpt-tokenizer-3.4.0.tgz",
      "integrity": "sha512-wxFLnhIXTDjYebd9A9pGl3e31ZpSypbpIJSOswbgop5jLte/AsZVDvjlbEuVFlsqZixVKqbcoNmRlFDf6pz/UQ==",
      "dev": true,
      "license": "MIT"
    },
    "node_modules/h3": {
      "version": "1.15.6",
      "resolved": "https://registry.npmjs.org/h3/-/h3-1.15.6.tgz",
      "integrity": "sha512-oi15ESLW5LRthZ+qPCi5GNasY/gvynSKUQxgiovrY63bPAtG59wtM+LSrlcwvOHAXzGrXVLnI97brbkdPF9WoQ==",
      "dev": true,
      "license": "MIT",
      "dependencies": {
        "cookie-es": "^1.2.2",
        "crossws": "^0.3.5",
        "defu": "^6.1.4",
        "destr": "^2.0.5",
        "iron-webcrypto": "^1.2.1",
        "node-mock-http": "^1.0.4",
        "radix3": "^1.1.2",
        "ufo": "^1.6.3",
        "uncrypto": "^0.1.3"
      }
    },
    "node_modules/iron-webcrypto": {
      "version": "1.2.1",
      "resolved": "https://registry.npmjs.org/iron-webcrypto/-/iron-webcrypto-1.2.1.tgz",
      "integrity": "sha512-feOM6FaSr6rEABp/eDfVseKyTMDt+KGpeB35SkVn9Tyn0CqvVsY3EwI0v5i8nMHyJnzCIQf7nsy3p41TPkJZhg==",
      "dev": true,
      "license": "MIT",
      "funding": {
        "url": "https://github.com/sponsors/brc-dd"
      }
    },
    "node_modules/json-schema": {
      "version": "0.4.0",
      "resolved": "https://registry.npmjs.org/json-schema/-/json-schema-0.4.0.tgz",
      "integrity": "sha512-es94M3nTIfsEPisRafak+HDLfHXnKBhV3vU5eqPcS3flIWqcxJWgXHXiey3YrpaNsanY5ei1VoYEbOzijuq9BA==",
      "dev": true,
      "license": "(AFL-2.1 OR BSD-3-Clause)"
    },
    "node_modules/lru-cache": {
      "version": "11.2.6",
      "resolved": "https://registry.npmjs.org/lru-cache/-/lru-cache-11.2.6.tgz",
      "integrity": "sha512-ESL2CrkS/2wTPfuend7Zhkzo2u0daGJ/A2VucJOgQ/C48S/zB8MMeMHSGKYpXhIjbPxfuezITkaBH1wqv00DDQ==",
      "dev": true,
      "license": "BlueOak-1.0.0",
      "engines": {
        "node": "20 || >=22"
      }
    },
    "node_modules/node-fetch-native": {
      "version": "1.6.7",
      "resolved": "https://registry.npmjs.org/node-fetch-native/-/node-fetch-native-1.6.7.tgz",
      "integrity": "sha512-g9yhqoedzIUm0nTnTqAQvueMPVOuIY16bqgAJJC8XOOubYFNwz6IER9qs0Gq2Xd0+CecCKFjtdDTMA4u4xG06Q==",
      "dev": true,
      "license": "MIT"
    },
    "node_modules/node-mock-http": {
      "version": "1.0.4",
      "resolved": "https://registry.npmjs.org/node-mock-http/-/node-mock-http-1.0.4.tgz",
      "integrity": "sha512-8DY+kFsDkNXy1sJglUfuODx1/opAGJGyrTuFqEoN90oRc2Vk0ZbD4K2qmKXBBEhZQzdKHIVfEJpDU8Ak2NJEvQ==",
      "dev": true,
      "license": "MIT"
    },
    "node_modules/normalize-path": {
      "version": "3.0.0",
      "resolved": "https://registry.npmjs.org/normalize-path/-/normalize-path-3.0.0.tgz",
      "integrity": "sha512-6eZs5Ls3WtCisHWp9S2GUy8dqkpGi4BVSz3GaqiE6ezub0512ESztXUwUB6C6IKbQkY2Pnb/mD4WYojCRwcwLA==",
      "dev": true,
      "license": "MIT",
      "engines": {
        "node": ">=0.10.0"
      }
    },
    "node_modules/ofetch": {
      "version": "1.5.1",
      "resolved": "https://registry.npmjs.org/ofetch/-/ofetch-1.5.1.tgz",
      "integrity": "sha512-2W4oUZlVaqAPAil6FUg/difl6YhqhUR7x2eZY4bQCko22UXg3hptq9KLQdqFClV+Wu85UX7hNtdGTngi/1BxcA==",
      "dev": true,
      "license": "MIT",
      "dependencies": {
        "destr": "^2.0.5",
        "node-fetch-native": "^1.6.7",
        "ufo": "^1.6.1"
      }
    },
    "node_modules/p-map": {
      "version": "7.0.4",
      "resolved": "https://registry.npmjs.org/p-map/-/p-map-7.0.4.tgz",
      "integrity": "sha512-tkAQEw8ysMzmkhgw8k+1U/iPhWNhykKnSk4Rd5zLoPJCuJaGRPo6YposrZgaxHKzDHdDWWZvE/Sk7hsL2X/CpQ==",
      "dev": true,
      "license": "MIT",
      "engines": {
        "node": ">=18"
      },
      "funding": {
        "url": "https://github.com/sponsors/sindresorhus"
      }
    },
    "node_modules/p-queue": {
      "version": "9.1.0",
      "resolved": "https://registry.npmjs.org/p-queue/-/p-queue-9.1.0.tgz",
      "integrity": "sha512-O/ZPaXuQV29uSLbxWBGGZO1mCQXV2BLIwUr59JUU9SoH76mnYvtms7aafH/isNSNGwuEfP6W/4xD0/TJXxrizw==",
      "dev": true,
      "license": "MIT",
      "dependencies": {
        "eventemitter3": "^5.0.1",
        "p-timeout": "^7.0.0"
      },
      "engines": {
        "node": ">=20"
      },
      "funding": {
        "url": "https://github.com/sponsors/sindresorhus"
      }
    },
    "node_modules/p-timeout": {
      "version": "7.0.1",
      "resolved": "https://registry.npmjs.org/p-timeout/-/p-timeout-7.0.1.tgz",
      "integrity": "sha512-AxTM2wDGORHGEkPCt8yqxOTMgpfbEHqF51f/5fJCmwFC3C/zNcGT63SymH2ttOAaiIws2zVg4+izQCjrakcwHg==",
      "dev": true,
      "license": "MIT",
      "engines": {
        "node": ">=20"
      },
      "funding": {
        "url": "https://github.com/sponsors/sindresorhus"
      }
    },
    "node_modules/path-expression-matcher": {
      "version": "1.1.3",
      "resolved": "https://registry.npmjs.org/path-expression-matcher/-/path-expression-matcher-1.1.3.tgz",
      "integrity": "sha512-qdVgY8KXmVdJZRSS1JdEPOKPdTiEK/pi0RkcT2sw1RhXxohdujUlJFPuS1TSkevZ9vzd3ZlL7ULl1MHGTApKzQ==",
      "dev": true,
      "funding": [
        {
          "type": "github",
          "url": "https://github.com/sponsors/NaturalIntelligence"
        }
      ],
      "license": "MIT",
      "engines": {
        "node": ">=14.0.0"
      }
    },
    "node_modules/picomatch": {
      "version": "2.3.1",
      "resolved": "https://registry.npmjs.org/picomatch/-/picomatch-2.3.1.tgz",
      "integrity": "sha512-JU3teHTNjmE2VCGFzuY8EXzCDVwEqB2a8fsIvwaStHhAWJEeVd1o1QD80CU6+ZdEXXSLbSsuLwJjkCBWqRQUVA==",
      "dev": true,
      "license": "MIT",
      "engines": {
        "node": ">=8.6"
      },
      "funding": {
        "url": "https://github.com/sponsors/jonschlinkert"
      }
    },
    "node_modules/radix3": {
      "version": "1.1.2",
      "resolved": "https://registry.npmjs.org/radix3/-/radix3-1.1.2.tgz",
      "integrity": "sha512-b484I/7b8rDEdSDKckSSBA8knMpcdsXudlE/LNL639wFoHKwLbEkQFZHWEYwDC0wa0FKUcCY+GAF73Z7wxNVFA==",
      "dev": true,
      "license": "MIT"
    },
    "node_modules/readdirp": {
      "version": "5.0.0",
      "resolved": "https://registry.npmjs.org/readdirp/-/readdirp-5.0.0.tgz",
      "integrity": "sha512-9u/XQ1pvrQtYyMpZe7DXKv2p5CNvyVwzUB6uhLAnQwHMSgKMBR62lc7AHljaeteeHXn11XTAaLLUVZYVZyuRBQ==",
      "dev": true,
      "license": "MIT",
      "engines": {
        "node": ">= 20.19.0"
      },
      "funding": {
        "type": "individual",
        "url": "https://paulmillr.com/funding/"
      }
    },
    "node_modules/sisteransi": {
      "version": "1.0.5",
      "resolved": "https://registry.npmjs.org/sisteransi/-/sisteransi-1.0.5.tgz",
      "integrity": "sha512-bLGGlR1QxBcynn2d5YmDX4MGjlZvy2MRBDRNHLJ8VI6l6+9FUiyTFNJ0IveOSP0bcXgVDPRcfGqA0pjaqUpfVg==",
      "dev": true,
      "license": "MIT"
    },
    "node_modules/strnum": {
      "version": "2.2.0",
      "resolved": "https://registry.npmjs.org/strnum/-/strnum-2.2.0.tgz",
      "integrity": "sha512-Y7Bj8XyJxnPAORMZj/xltsfo55uOiyHcU2tnAVzHUnSJR/KsEX+9RoDeXEnsXtl/CX4fAcrt64gZ13aGaWPeBg==",
      "dev": true,
      "funding": [
        {
          "type": "github",
          "url": "https://github.com/sponsors/NaturalIntelligence"
        }
      ],
      "license": "MIT"
    },
    "node_modules/ufo": {
      "version": "1.6.3",
      "resolved": "https://registry.npmjs.org/ufo/-/ufo-1.6.3.tgz",
      "integrity": "sha512-yDJTmhydvl5lJzBmy/hyOAA0d+aqCBuwl818haVdYCRrWV84o7YyeVm4QlVHStqNrrJSTb6jKuFAVqAFsr+K3Q==",
      "dev": true,
      "license": "MIT"
    },
    "node_modules/uncrypto": {
      "version": "0.1.3",
      "resolved": "https://registry.npmjs.org/uncrypto/-/uncrypto-0.1.3.tgz",
      "integrity": "sha512-Ql87qFHB3s/De2ClA9e0gsnS6zXG27SkTiSJwjCc9MebbfapQfuPzumMIUMi38ezPZVNFcHI9sUIepeQfw8J8Q==",
      "dev": true,
      "license": "MIT"
    },
    "node_modules/unstorage": {
      "version": "1.17.4",
      "resolved": "https://registry.npmjs.org/unstorage/-/unstorage-1.17.4.tgz",
      "integrity": "sha512-fHK0yNg38tBiJKp/Vgsq4j0JEsCmgqH58HAn707S7zGkArbZsVr/CwINoi+nh3h98BRCwKvx1K3Xg9u3VV83sw==",
      "dev": true,
      "license": "MIT",
      "dependencies": {
        "anymatch": "^3.1.3",
        "chokidar": "^5.0.0",
        "destr": "^2.0.5",
        "h3": "^1.15.5",
        "lru-cache": "^11.2.0",
        "node-fetch-native": "^1.6.7",
        "ofetch": "^1.5.1",
        "ufo": "^1.6.3"
      },
      "peerDependencies": {
        "@azure/app-configuration": "^1.8.0",
        "@azure/cosmos": "^4.2.0",
        "@azure/data-tables": "^13.3.0",
        "@azure/identity": "^4.6.0",
        "@azure/keyvault-secrets": "^4.9.0",
        "@azure/storage-blob": "^12.26.0",
        "@capacitor/preferences": "^6 || ^7 || ^8",
        "@deno/kv": ">=0.9.0",
        "@netlify/blobs": "^6.5.0 || ^7.0.0 || ^8.1.0 || ^9.0.0 || ^10.0.0",
        "@planetscale/database": "^1.19.0",
        "@upstash/redis": "^1.34.3",
        "@vercel/blob": ">=0.27.1",
        "@vercel/functions": "^2.2.12 || ^3.0.0",
        "@vercel/kv": "^1 || ^2 || ^3",
        "aws4fetch": "^1.0.20",
        "db0": ">=0.2.1",
        "idb-keyval": "^6.2.1",
        "ioredis": "^5.4.2",
        "uploadthing": "^7.4.4"
      },
      "peerDependenciesMeta": {
        "@azure/app-configuration": {
          "optional": true
        },
        "@azure/cosmos": {
          "optional": true
        },
        "@azure/data-tables": {
          "optional": true
        },
        "@azure/identity": {
          "optional": true
        },
        "@azure/keyvault-secrets": {
          "optional": true
        },
        "@azure/storage-blob": {
          "optional": true
        },
        "@capacitor/preferences": {
          "optional": true
        },
        "@deno/kv": {
          "optional": true
        },
        "@netlify/blobs": {
          "optional": true
        },
        "@planetscale/database": {
          "optional": true
        },
        "@upstash/redis": {
          "optional": true
        },
        "@vercel/blob": {
          "optional": true
        },
        "@vercel/functions": {
          "optional": true
        },
        "@vercel/kv": {
          "optional": true
        },
        "aws4fetch": {
          "optional": true
        },
        "db0": {
          "optional": true
        },
        "idb-keyval": {
          "optional": true
        },
        "ioredis": {
          "optional": true
        },
        "uploadthing": {
          "optional": true
        }
      }
    },
    "node_modules/yaml": {
      "version": "2.8.2",
      "resolved": "https://registry.npmjs.org/yaml/-/yaml-2.8.2.tgz",
      "integrity": "sha512-mplynKqc1C2hTVYxd0PU2xQAc22TI1vShAYGksCCfxbn/dFwnHTNi1bvYsBTkhdUNtGIf5xNOg938rrSSYvS9A==",
      "dev": true,
      "license": "ISC",
      "bin": {
        "yaml": "bin.mjs"
      },
      "engines": {
        "node": ">= 14.6"
      },
      "funding": {
        "url": "https://github.com/sponsors/eemeli"
      }
    },
    "node_modules/zod": {
      "version": "4.3.6",
      "resolved": "https://registry.npmjs.org/zod/-/zod-4.3.6.tgz",
      "integrity": "sha512-rftlrkhHZOcjDwkGlnUtZZkvaPHCsDATp4pGpuOOMDaTdDDXF91wuVDJoWoPsKX/3YPQ5fHuF3STjcYyKr+Qhg==",
      "dev": true,
      "license": "MIT",
      "peer": true,
      "funding": {
        "url": "https://github.com/sponsors/colinhacks"
      }
    }
  }
}
